lockfileVersion: '9.0'

settings:
  autoInstallPeers: true
  excludeLinksFromLockfile: false

importers:

  .:
    dependencies:
      '@openai/codex':
        specifier: 0.147.0
        version: 0.147.0

packages:

  '@openai/codex@0.147.0':
    resolution: {integrity: sha512-EQLEXecAG2ptxI7UpBMo2TR/ga5596/c/OsYF/0LoUDh5JANZ7IoGqlzBEWbuEVQ76JePIbtTW/ihCkp1a7Z3w==}
    engines: {node: '>=16'}
    hasBin: true

  '@openai/codex@0.147.0-darwin-arm64':
    resolution: {integrity: sha512-BEUVkiOW7kLcRyrMLfAr/h9wF8sRVJyZDy6OHtVn6QGDXiv3BvAZVTY1Pu9xF7KdIdkYXbp4uayN0aDQQaAUJw==}
    engines: {node: '>=16'}
    cpu: [arm64]
    os: [darwin]

  '@openai/codex@0.147.0-darwin-x64':
    resolution: {integrity: sha512-Tb8McE5SvJIH0Vs5R6sq7u+quiC931yan2KOOl6km1OdZ82+Wi7eF5XrSFPs5CF7xCgoIK4Vs+byMbT5hN+ZUw==}
    engines: {node: '>=16'}
    cpu: [x64]
    os: [darwin]

  '@openai/codex@0.147.0-linux-arm64':
    resolution: {integrity: sha512-SLC1JXw2TYfr/c3HhrJubyyLelq7vTOLWVmiThFA+z0+WgzCPmaseJ/kzDD3Gge/TO7fCnnj7UcPmC0d2c8XAg==}
    engines: {node: '>=16'}
    cpu: [arm64]
    os: [linux]

  '@openai/codex@0.147.0-linux-x64':
    resolution: {integrity: sha512-0W9MBxPpWW0cSkNqrTDN2jR7rzzT7oNMhQY5446lT2Lw5cz5yhDTck4Va9rjkQEm+HlFzP/dmEMSZbXfJsINmw==}
    engines: {node: '>=16'}
    cpu: [x64]
    os: [linux]

  '@openai/codex@0.147.0-win32-arm64':
    resolution: {integrity: sha512-e2ZstJ8zT8Rm1nvR7CUVO+Gr3cTChE41+VfOzGhynzDXEoW0wfbjUQbc2bWbh1arG94LMm4y3dqBtUIbSrfeGA==}
    engines: {node: '>=16'}
    cpu: [arm64]
    os: [win32]

  '@openai/codex@0.147.0-win32-x64':
    resolution: {integrity: sha512-oT7Ss5fAPf2fiWE9QNURqZcQGAAawSVxmIUdgPzckq4KFZAM+pRz9JbM4Rr498CjtbNgTOjWvDJ+DXvIBSfOPA==}
    engines: {node: '>=16'}
    cpu: [x64]
    os: [win32]

snapshots:

  '@openai/codex@0.147.0':
    optionalDependencies:
      '@openai/codex-darwin-arm64': '@openai/codex@0.147.0-darwin-arm64'
      '@openai/codex-darwin-x64': '@openai/codex@0.147.0-darwin-x64'
      '@openai/codex-linux-arm64': '@openai/codex@0.147.0-linux-arm64'
      '@openai/codex-linux-x64': '@openai/codex@0.147.0-linux-x64'
      '@openai/codex-win32-arm64': '@openai/codex@0.147.0-win32-arm64'
      '@openai/codex-win32-x64': '@openai/codex@0.147.0-win32-x64'

  '@openai/codex@0.147.0-darwin-arm64':
    optional: true

  '@openai/codex@0.147.0-darwin-x64':
    optional: true

  '@openai/codex@0.147.0-linux-arm64':
    optional: true

  '@openai/codex@0.147.0-linux-x64':
    optional: true

  '@openai/codex@0.147.0-win32-arm64':
    optional: true

  '@openai/codex@0.147.0-win32-x64':
    optional: true
